
Microsoft Visual Studio Solution File, Format Version 12.00
# Visual Studio Version 17
VisualStudioVersion = 17.1.32228.430
MinimumVisualStudioVersion = 10.0.40219.1
Project("{9A19103F-16F7-4668-BE54-9A1E7A4F7556}") = "COMETwebapp", "COMETwebapp\COMETwebapp.csproj", "{E2393D33-A597-4D03-9E1C-B694627B0383}"
EndProject
Project("{9A19103F-16F7-4668-BE54-9A1E7A4F7556}") = "COMETwebapp.Tests", "COMETwebapp.Tests\COMETwebapp.Tests.csproj", "{B3B0FB1D-4A20-4C1E-8F92-45E91EB4A060}"
EndProject
Project("{9A19103F-16F7-4668-BE54-9A1E7A4F7556}") = "COMET.Web.Common", "COMET.Web.Common\COMET.Web.Common.csproj", "{E5405339-D759-483D-95BE-24F3CCBE5E9C}"
EndProject
Project("{9A19103F-16F7-4668-BE54-9A1E7A4F7556}") = "COMET.Web.Common.Tests", "COMET.Web.Common.Tests\COMET.Web.Common.Tests.csproj", "{F67F7FD1-8BBE-4BFA-A5CA-D66980971C31}"
EndProject
Project("{9A19103F-16F7-4668-BE54-9A1E7A4F7556}") = "COMET.Web.Common.Test", "COMET.Web.Common.Test\COMET.Web.Common.Test.csproj", "{C1BEF589-7A99-4B95-A036-471259115495}"
EndProject
Project("{2150E333-8FDC-42A3-9474-1A3956D46DE8}") = "Solution Items", "Solution Items", "{E28E73C6-940D-4BFB-8554-A278CB70A5D9}"
	ProjectSection(SolutionItems) = preProject
		.gitignore = .gitignore
		CODE_OF_CONDUCT.md = CODE_OF_CONDUCT.md
		LICENSE = LICENSE
		LICENSE-APACHE 2.0 = LICENSE-APACHE 2.0
		nginx = nginx
		NOTICE = NOTICE
		Nuget.Config = Nuget.Config
		README.md = README.md
	EndProjectSection
EndProject
Project("{2150E333-8FDC-42A3-9474-1A3956D46DE8}") = "Workflows", "Workflows", "{12C5B776-C2F8-4B8F-9645-251AE166EDC6}"
	ProjectSection(SolutionItems) = preProject
		.github\workflows\codeql.yml = .github\workflows\codeql.yml
		.github\workflows\CodeQuality.yml = .github\workflows\CodeQuality.yml
		.github\workflows\publish-docker-container.yml = .github\workflows\publish-docker-container.yml
	EndProjectSection
EndProject
Global
	GlobalSection(SolutionConfigurationPlatforms) = preSolution
		Debug|Any CPU = Debug|Any CPU
		Release|Any CPU = Release|Any CPU
	EndGlobalSection
	GlobalSection(ProjectConfigurationPlatforms) = postSolution
		{E2393D33-A597-4D03-9E1C-B694627B0383}.Debug|Any CPU.ActiveCfg = Debug|Any CPU
		{E2393D33-A597-4D03-9E1C-B694627B0383}.Debug|Any CPU.Build.0 = Debug|Any CPU
		{E2393D33-A597-4D03-9E1C-B694627B0383}.Release|Any CPU.ActiveCfg = Release|Any CPU
		{E2393D33-A597-4D03-9E1C-B694627B0383}.Release|Any CPU.Build.0 = Release|Any CPU
		{B3B0FB1D-4A20-4C1E-8F92-45E91EB4A060}.Debug|Any CPU.ActiveCfg = Debug|Any CPU
		{B3B0FB1D-4A20-4C1E-8F92-45E91EB4A060}.Debug|Any CPU.Build.0 = Debug|Any CPU
		{B3B0FB1D-4A20-4C1E-8F92-45E91EB4A060}.Release|Any CPU.ActiveCfg = Release|Any CPU
		{E5405339-D759-483D-95BE-24F3CCBE5E9C}.Debug|Any CPU.ActiveCfg = Debug|Any CPU
		{E5405339-D759-483D-95BE-24F3CCBE5E9C}.Debug|Any CPU.Build.0 = Debug|Any CPU
		{E5405339-D759-483D-95BE-24F3CCBE5E9C}.Release|Any CPU.ActiveCfg = Release|Any CPU
		{E5405339-D759-483D-95BE-24F3CCBE5E9C}.Release|Any CPU.Build.0 = Release|Any CPU
		{F67F7FD1-8BBE-4BFA-A5CA-D66980971C31}.Debug|Any CPU.ActiveCfg = Debug|Any CPU
		{F67F7FD1-8BBE-4BFA-A5CA-D66980971C31}.Debug|Any CPU.Build.0 = Debug|Any CPU
		{F67F7FD1-8BBE-4BFA-A5CA-D66980971C31}.Release|Any CPU.ActiveCfg = Release|Any CPU
		{C1BEF589-7A99-4B95-A036-471259115495}.Debug|Any CPU.ActiveCfg = Debug|Any CPU
		{C1BEF589-7A99-4B95-A036-471259115495}.Debug|Any CPU.Build.0 = Debug|Any CPU
		{C1BEF589-7A99-4B95-A036-471259115495}.Release|Any CPU.ActiveCfg = Release|Any CPU
		{C1BEF589-7A99-4B95-A036-471259115495}.Release|Any CPU.Build.0 = Release|Any CPU
	EndGlobalSection
	GlobalSection(SolutionProperties) = preSolution
		HideSolutionNode = FALSE
	EndGlobalSection
	GlobalSection(NestedProjects) = preSolution
		{12C5B776-C2F8-4B8F-9645-251AE166EDC6} = {E28E73C6-940D-4BFB-8554-A278CB70A5D9}
	EndGlobalSection
	GlobalSection(ExtensibilityGlobals) = postSolution
		SolutionGuid = {9D52BC7D-6DCB-4F8B-BEB4-EB12C03E96EA}
	EndGlobalSection
EndGlobal
