
Microsoft Visual Studio Solution File, Format Version 12.00
# Visual Studio Version 17
VisualStudioVersion = 17.1.32228.430
MinimumVisualStudioVersion = 10.0.40219.1
Project("{FAE04EC0-301F-11D3-BF4B-00C04F79EFBC}") = "COMETwebapp", "COMETwebapp\COMETwebapp.csproj", "{698FE35C-45A0-4C39-B60E-DEB924C0E1E6}"
EndProject
Global
	GlobalSection(SolutionConfigurationPlatforms) = preSolution
		Debug|Any CPU = Debug|Any CPU
		Release|Any CPU = Release|Any CPU
	EndGlobalSection
	GlobalSection(ProjectConfigurationPlatforms) = postSolution
		{698FE35C-45A0-4C39-B60E-DEB924C0E1E6}.Debug|Any CPU.ActiveCfg = Debug|Any CPU
		{698FE35C-45A0-4C39-B60E-DEB924C0E1E6}.Debug|Any CPU.Build.0 = Debug|Any CPU
		{698FE35C-45A0-4C39-B60E-DEB924C0E1E6}.Release|Any CPU.ActiveCfg = Release|Any CPU
		{698FE35C-45A0-4C39-B60E-DEB924C0E1E6}.Release|Any CPU.Build.0 = Release|Any CPU
	EndGlobalSection
	GlobalSection(SolutionProperties) = preSolution
		HideSolutionNode = FALSE
	EndGlobalSection
	GlobalSection(ExtensibilityGlobals) = postSolution
		SolutionGuid = {5AA7D07E-1568-4ADD-B432-F43A67F1F40C}
	EndGlobalSection
EndGlobal
